
Microsoft Visual Studio Solution File, Format Version 12.00
# Visual Studio Version 17
VisualStudioVersion = 17.8.34525.116
MinimumVisualStudioVersion = 10.0.40219.1
Project("{FAE04EC0-301F-11D3-BF4B-00C04F79EFBC}") = "SNS-Sample", "SNS-Sample\SNS-Sample.csproj", "{DCB86B76-A92B-4635-BC65-C292F550DCAE}"
EndProject
Project("{9A19103F-16F7-4668-BE54-9A1E7A4F7556}") = "AWSOrderLambada", "AWSOrderLambada\AWSOrderLambada.csproj", "{7B733344-C593-4895-8041-9571BDE422C6}"
EndProject
Global
	GlobalSection(SolutionConfigurationPlatforms) = preSolution
		Debug|Any CPU = Debug|Any CPU
		Release|Any CPU = Release|Any CPU
	EndGlobalSection
	GlobalSection(ProjectConfigurationPlatforms) = postSolution
		{DCB86B76-A92B-4635-BC65-C292F550DCAE}.Debug|Any CPU.ActiveCfg = Debug|Any CPU
		{DCB86B76-A92B-4635-BC65-C292F550DCAE}.Debug|Any CPU.Build.0 = Debug|Any CPU
		{DCB86B76-A92B-4635-BC65-C292F550DCAE}.Release|Any CPU.ActiveCfg = Release|Any CPU
		{DCB86B76-A92B-4635-BC65-C292F550DCAE}.Release|Any CPU.Build.0 = Release|Any CPU
		{7B733344-C593-4895-8041-9571BDE422C6}.Debug|Any CPU.ActiveCfg = Debug|Any CPU
		{7B733344-C593-4895-8041-9571BDE422C6}.Debug|Any CPU.Build.0 = Debug|Any CPU
		{7B733344-C593-4895-8041-9571BDE422C6}.Release|Any CPU.ActiveCfg = Release|Any CPU
		{7B733344-C593-4895-8041-9571BDE422C6}.Release|Any CPU.Build.0 = Release|Any CPU
	EndGlobalSection
	GlobalSection(SolutionProperties) = preSolution
		HideSolutionNode = FALSE
	EndGlobalSection
	GlobalSection(ExtensibilityGlobals) = postSolution
		SolutionGuid = {8072695D-BEA7-4344-9815-766EEFC1516A}
	EndGlobalSection
EndGlobal
