
Microsoft Visual Studio Solution File, Format Version 12.00
# Visual Studio Version 17
VisualStudioVersion = 17.8.34525.116
MinimumVisualStudioVersion = 10.0.40219.1
Project("{9A19103F-16F7-4668-BE54-9A1E7A4F7556}") = "StudentManagement", "StudentManagement.csproj", "{8554AC58-3187-4252-A87E-E5D5A409336B}"
EndProject
Project("{9A19103F-16F7-4668-BE54-9A1E7A4F7556}") = "AuthLambda", "..\AuthLambda\AuthLambda.csproj", "{33603256-6A1C-4286-B100-3464B8B46274}"
EndProject
Global
	GlobalSection(SolutionConfigurationPlatforms) = preSolution
		Debug|Any CPU = Debug|Any CPU
		Release|Any CPU = Release|Any CPU
	EndGlobalSection
	GlobalSection(ProjectConfigurationPlatforms) = postSolution
		{8554AC58-3187-4252-A87E-E5D5A409336B}.Debug|Any CPU.ActiveCfg = Debug|Any CPU
		{8554AC58-3187-4252-A87E-E5D5A409336B}.Debug|Any CPU.Build.0 = Debug|Any CPU
		{8554AC58-3187-4252-A87E-E5D5A409336B}.Release|Any CPU.ActiveCfg = Release|Any CPU
		{8554AC58-3187-4252-A87E-E5D5A409336B}.Release|Any CPU.Build.0 = Release|Any CPU
		{33603256-6A1C-4286-B100-3464B8B46274}.Debug|Any CPU.ActiveCfg = Debug|Any CPU
		{33603256-6A1C-4286-B100-3464B8B46274}.Debug|Any CPU.Build.0 = Debug|Any CPU
		{33603256-6A1C-4286-B100-3464B8B46274}.Release|Any CPU.ActiveCfg = Release|Any CPU
		{33603256-6A1C-4286-B100-3464B8B46274}.Release|Any CPU.Build.0 = Release|Any CPU
	EndGlobalSection
	GlobalSection(SolutionProperties) = preSolution
		HideSolutionNode = FALSE
	EndGlobalSection
	GlobalSection(ExtensibilityGlobals) = postSolution
		SolutionGuid = {8EDD6FB2-260E-4CFF-B055-5256BF3AA045}
	EndGlobalSection
EndGlobal
